
Microsoft Visual Studio Solution File, Format Version 12.00
# Visual Studio Version 16
VisualStudioVersion = 16.0.32126.315
MinimumVisualStudioVersion = 10.0.40219.1
Project("{FAE04EC0-301F-11D3-BF4B-00C04F79EFBC}") = "RC4 App", "RC4 App\RC4 App.csproj", "{0F4E14C9-BD96-458F-A8B5-E7376FCDD438}"
EndProject
Global
	GlobalSection(SolutionConfigurationPlatforms) = preSolution
		Debug|Any CPU = Debug|Any CPU
		Release|Any CPU = Release|Any CPU
	EndGlobalSection
	GlobalSection(ProjectConfigurationPlatforms) = postSolution
		{0F4E14C9-BD96-458F-A8B5-E7376FCDD438}.Debug|Any CPU.ActiveCfg = Debug|Any CPU
		{0F4E14C9-BD96-458F-A8B5-E7376FCDD438}.Debug|Any CPU.Build.0 = Debug|Any CPU
		{0F4E14C9-BD96-458F-A8B5-E7376FCDD438}.Release|Any CPU.ActiveCfg = Release|Any CPU
		{0F4E14C9-BD96-458F-A8B5-E7376FCDD438}.Release|Any CPU.Build.0 = Release|Any CPU
	EndGlobalSection
	GlobalSection(SolutionProperties) = preSolution
		HideSolutionNode = FALSE
	EndGlobalSection
	GlobalSection(ExtensibilityGlobals) = postSolution
		SolutionGuid = {321EE080-083D-48EA-B7F5-7F72EEB53D02}
	EndGlobalSection
EndGlobal
